Microsoft Visual Studio Solution File, Format Version 8.00
Project("{FAE04EC0-301F-11D3-BF4B-00C04F79EFBC}") = "StreetSmarts", "StreetSmarts.csproj", "{575E17C2-FB36-4D06-8A24-EAEC67D9DC47}"
	ProjectSection(ProjectDependencies) = postProject
	EndProjectSection
EndProject
Global
	GlobalSection(SolutionConfiguration) = preSolution
		Debug = Debug
		Release = Release
	EndGlobalSection
	GlobalSection(ProjectConfiguration) = postSolution
		{575E17C2-FB36-4D06-8A24-EAEC67D9DC47}.Debug.ActiveCfg = Debug|.NET
		{575E17C2-FB36-4D06-8A24-EAEC67D9DC47}.Debug.Build.0 = Debug|.NET
		{575E17C2-FB36-4D06-8A24-EAEC67D9DC47}.Release.ActiveCfg = Release|.NET
		{575E17C2-FB36-4D06-8A24-EAEC67D9DC47}.Release.Build.0 = Release|.NET
	EndGlobalSection
	GlobalSection(ExtensibilityGlobals) = postSolution
	EndGlobalSection
	GlobalSection(ExtensibilityAddIns) = postSolution
	EndGlobalSection
EndGlobal
